
Microsoft Visual Studio Solution File, Format Version 12.00
# Visual Studio Version 17
VisualStudioVersion = 17.0.31903.59
MinimumVisualStudioVersion = 10.0.40219.1
Project("{2150E333-8FDC-42A3-9474-1A3956D46DE8}") = "Core", "Core", "{A9E700C1-51CE-40B7-A238-45FF14CE3FCE}"
EndProject
Project("{FAE04EC0-301F-11D3-BF4B-00C04F79EFBC}") = "MovieApi.Domain", "Core\MovieApi.Domain\MovieApi.Domain.csproj", "{00E8A663-AAD7-4C40-A705-593A51DEF4B2}"
EndProject
Project("{2150E333-8FDC-42A3-9474-1A3956D46DE8}") = "Infrastructure", "Infrastructure", "{46837419-71DA-4E38-BCB4-3EFF19968F51}"
EndProject
Project("{FAE04EC0-301F-11D3-BF4B-00C04F79EFBC}") = "MovieApi.Persistence", "Infrastructure\MovieApi.Persistence\MovieApi.Persistence.csproj", "{F44A4346-0063-4479-9835-6F7EFF8852C1}"
EndProject
Global
	GlobalSection(SolutionConfigurationPlatforms) = preSolution
		Debug|Any CPU = Debug|Any CPU
		Release|Any CPU = Release|Any CPU
	EndGlobalSection
	GlobalSection(SolutionProperties) = preSolution
		HideSolutionNode = FALSE
	EndGlobalSection
	GlobalSection(ProjectConfigurationPlatforms) = postSolution
		{00E8A663-AAD7-4C40-A705-593A51DEF4B2}.Debug|Any CPU.ActiveCfg = Debug|Any CPU
		{00E8A663-AAD7-4C40-A705-593A51DEF4B2}.Debug|Any CPU.Build.0 = Debug|Any CPU
		{00E8A663-AAD7-4C40-A705-593A51DEF4B2}.Release|Any CPU.ActiveCfg = Release|Any CPU
		{00E8A663-AAD7-4C40-A705-593A51DEF4B2}.Release|Any CPU.Build.0 = Release|Any CPU
		{F44A4346-0063-4479-9835-6F7EFF8852C1}.Debug|Any CPU.ActiveCfg = Debug|Any CPU
		{F44A4346-0063-4479-9835-6F7EFF8852C1}.Debug|Any CPU.Build.0 = Debug|Any CPU
		{F44A4346-0063-4479-9835-6F7EFF8852C1}.Release|Any CPU.ActiveCfg = Release|Any CPU
		{F44A4346-0063-4479-9835-6F7EFF8852C1}.Release|Any CPU.Build.0 = Release|Any CPU
	EndGlobalSection
	GlobalSection(NestedProjects) = preSolution
		{00E8A663-AAD7-4C40-A705-593A51DEF4B2} = {A9E700C1-51CE-40B7-A238-45FF14CE3FCE}
		{F44A4346-0063-4479-9835-6F7EFF8852C1} = {46837419-71DA-4E38-BCB4-3EFF19968F51}
	EndGlobalSection
EndGlobal
